
Microsoft Visual Studio Solution File, Format Version 12.00
# Visual Studio 15
VisualStudioVersion = 15.0.28010.2048
MinimumVisualStudioVersion = 10.0.40219.1
Project("{FAE04EC0-301F-11D3-BF4B-00C04F79EFBC}") = "TablesWeb", "TablesWeb\TablesWeb.csproj", "{ED66E900-9A38-453A-8E99-7F748E4DC7DF}"
EndProject
Global
	GlobalSection(SolutionConfigurationPlatforms) = preSolution
		Debug|Any CPU = Debug|Any CPU
		Release|Any CPU = Release|Any CPU
	EndGlobalSection
	GlobalSection(ProjectConfigurationPlatforms) = postSolution
		{ED66E900-9A38-453A-8E99-7F748E4DC7DF}.Debug|Any CPU.ActiveCfg = Debug|Any CPU
		{ED66E900-9A38-453A-8E99-7F748E4DC7DF}.Debug|Any CPU.Build.0 = Debug|Any CPU
		{ED66E900-9A38-453A-8E99-7F748E4DC7DF}.Release|Any CPU.ActiveCfg = Release|Any CPU
		{ED66E900-9A38-453A-8E99-7F748E4DC7DF}.Release|Any CPU.Build.0 = Release|Any CPU
	EndGlobalSection
	GlobalSection(SolutionProperties) = preSolution
		HideSolutionNode = FALSE
	EndGlobalSection
	GlobalSection(ExtensibilityGlobals) = postSolution
		SolutionGuid = {E0D11F03-5B72-476F-84B1-134ABBE67892}
	EndGlobalSection
EndGlobal
